
Microsoft Visual Studio Solution File, Format Version 12.00
# Visual Studio 15
Project("{FAE04EC0-301F-11D3-BF4B-00C04F79EFBC}") = "Assembly-CSharp-firstpass", "Assembly-CSharp-firstpass.csproj", "{73032330-23A7-D39F-3862-4FCD5AD8BF52}"
EndProject
Project("{FAE04EC0-301F-11D3-BF4B-00C04F79EFBC}") = "Assembly-CSharp-Editor", "Assembly-CSharp-Editor.csproj", "{4F534D83-291C-1448-8EDB-3F9A5EFB6192}"
EndProject
Project("{FAE04EC0-301F-11D3-BF4B-00C04F79EFBC}") = "Assembly-CSharp", "Assembly-CSharp.csproj", "{739487F3-59A0-2303-4CA1-78C5FBEADFF9}"
EndProject
Project("{FAE04EC0-301F-11D3-BF4B-00C04F79EFBC}") = "Meryel.CodeAssist.Editor", "Meryel.CodeAssist.Editor.csproj", "{2DD3BB1A-DEB5-DE6F-3113-F105BEF931AC}"
EndProject
Project("{FAE04EC0-301F-11D3-BF4B-00C04F79EFBC}") = "NuGetForUnity", "NuGetForUnity.csproj", "{8B877E36-945D-58D1-ED40-B3737B653CC0}"
EndProject
Project("{FAE04EC0-301F-11D3-BF4B-00C04F79EFBC}") = "TextToTMP.Editor", "TextToTMP.Editor.csproj", "{A8E2C6D5-0514-A5D1-B7B0-BEA38D123C99}"
EndProject
Project("{FAE04EC0-301F-11D3-BF4B-00C04F79EFBC}") = "Assembly-CSharp-Editor-firstpass", "Assembly-CSharp-Editor-firstpass.csproj", "{8A9DF897-406D-35E1-EED6-502A5BB2E07A}"
EndProject
Global
	GlobalSection(SolutionConfigurationPlatforms) = preSolution
		Debug|Any CPU = Debug|Any CPU
		Release|Any CPU = Release|Any CPU
	EndGlobalSection
	GlobalSection(ProjectConfigurationPlatforms) = postSolution
		{73032330-23A7-D39F-3862-4FCD5AD8BF52}.Debug|Any CPU.ActiveCfg = Debug|Any CPU
		{73032330-23A7-D39F-3862-4FCD5AD8BF52}.Debug|Any CPU.Build.0 = Debug|Any CPU
		{73032330-23A7-D39F-3862-4FCD5AD8BF52}.Release|Any CPU.ActiveCfg = Release|Any CPU
		{73032330-23A7-D39F-3862-4FCD5AD8BF52}.Release|Any CPU.Build.0 = Release|Any CPU
		{4F534D83-291C-1448-8EDB-3F9A5EFB6192}.Debug|Any CPU.ActiveCfg = Debug|Any CPU
		{4F534D83-291C-1448-8EDB-3F9A5EFB6192}.Debug|Any CPU.Build.0 = Debug|Any CPU
		{4F534D83-291C-1448-8EDB-3F9A5EFB6192}.Release|Any CPU.ActiveCfg = Release|Any CPU
		{4F534D83-291C-1448-8EDB-3F9A5EFB6192}.Release|Any CPU.Build.0 = Release|Any CPU
		{739487F3-59A0-2303-4CA1-78C5FBEADFF9}.Debug|Any CPU.ActiveCfg = Debug|Any CPU
		{739487F3-59A0-2303-4CA1-78C5FBEADFF9}.Debug|Any CPU.Build.0 = Debug|Any CPU
		{739487F3-59A0-2303-4CA1-78C5FBEADFF9}.Release|Any CPU.ActiveCfg = Release|Any CPU
		{739487F3-59A0-2303-4CA1-78C5FBEADFF9}.Release|Any CPU.Build.0 = Release|Any CPU
		{2DD3BB1A-DEB5-DE6F-3113-F105BEF931AC}.Debug|Any CPU.ActiveCfg = Debug|Any CPU
		{2DD3BB1A-DEB5-DE6F-3113-F105BEF931AC}.Debug|Any CPU.Build.0 = Debug|Any CPU
		{2DD3BB1A-DEB5-DE6F-3113-F105BEF931AC}.Release|Any CPU.ActiveCfg = Release|Any CPU
		{2DD3BB1A-DEB5-DE6F-3113-F105BEF931AC}.Release|Any CPU.Build.0 = Release|Any CPU
		{8B877E36-945D-58D1-ED40-B3737B653CC0}.Debug|Any CPU.ActiveCfg = Debug|Any CPU
		{8B877E36-945D-58D1-ED40-B3737B653CC0}.Debug|Any CPU.Build.0 = Debug|Any CPU
		{8B877E36-945D-58D1-ED40-B3737B653CC0}.Release|Any CPU.ActiveCfg = Release|Any CPU
		{8B877E36-945D-58D1-ED40-B3737B653CC0}.Release|Any CPU.Build.0 = Release|Any CPU
		{A8E2C6D5-0514-A5D1-B7B0-BEA38D123C99}.Debug|Any CPU.ActiveCfg = Debug|Any CPU
		{A8E2C6D5-0514-A5D1-B7B0-BEA38D123C99}.Debug|Any CPU.Build.0 = Debug|Any CPU
		{A8E2C6D5-0514-A5D1-B7B0-BEA38D123C99}.Release|Any CPU.ActiveCfg = Release|Any CPU
		{A8E2C6D5-0514-A5D1-B7B0-BEA38D123C99}.Release|Any CPU.Build.0 = Release|Any CPU
		{8A9DF897-406D-35E1-EED6-502A5BB2E07A}.Debug|Any CPU.ActiveCfg = Debug|Any CPU
		{8A9DF897-406D-35E1-EED6-502A5BB2E07A}.Debug|Any CPU.Build.0 = Debug|Any CPU
		{8A9DF897-406D-35E1-EED6-502A5BB2E07A}.Release|Any CPU.ActiveCfg = Release|Any CPU
		{8A9DF897-406D-35E1-EED6-502A5BB2E07A}.Release|Any CPU.Build.0 = Release|Any CPU
	EndGlobalSection
	GlobalSection(SolutionProperties) = preSolution
		HideSolutionNode = FALSE
	EndGlobalSection
EndGlobal
