
Microsoft Visual Studio Solution File, Format Version 12.00
# Visual Studio 15
Project("{FAE04EC0-301F-11D3-BF4B-00C04F79EFBC}") = "Assembly-CSharp", "Assembly-CSharp.csproj", "{89C8D244-A86C-702A-FE95-54762A518E94}"
EndProject
Project("{FAE04EC0-301F-11D3-BF4B-00C04F79EFBC}") = "Assembly-CSharp-firstpass", "Assembly-CSharp-firstpass.csproj", "{64D481FC-AC70-4F5D-FF24-3425A9D7CFB1}"
EndProject
Project("{FAE04EC0-301F-11D3-BF4B-00C04F79EFBC}") = "Meryel.CodeAssist.Editor", "Meryel.CodeAssist.Editor.csproj", "{C52F8EEB-70C7-3928-9865-5DD156261FEC}"
EndProject
Project("{FAE04EC0-301F-11D3-BF4B-00C04F79EFBC}") = "Assembly-CSharp-Editor", "Assembly-CSharp-Editor.csproj", "{4E893801-241A-AE98-2C5E-028A094055BD}"
EndProject
Project("{FAE04EC0-301F-11D3-BF4B-00C04F79EFBC}") = "TextToTMP.Editor", "TextToTMP.Editor.csproj", "{AD68365D-196E-F362-C365-BE5E75150BCC}"
EndProject
Project("{FAE04EC0-301F-11D3-BF4B-00C04F79EFBC}") = "Assembly-CSharp-Editor-firstpass", "Assembly-CSharp-Editor-firstpass.csproj", "{8EDB83C8-030E-27FE-5E4D-CE5E0C6A9B59}"
EndProject
Global
	GlobalSection(SolutionConfigurationPlatforms) = preSolution
		Debug|Any CPU = Debug|Any CPU
		Release|Any CPU = Release|Any CPU
	EndGlobalSection
	GlobalSection(ProjectConfigurationPlatforms) = postSolution
		{89C8D244-A86C-702A-FE95-54762A518E94}.Debug|Any CPU.ActiveCfg = Debug|Any CPU
		{89C8D244-A86C-702A-FE95-54762A518E94}.Debug|Any CPU.Build.0 = Debug|Any CPU
		{89C8D244-A86C-702A-FE95-54762A518E94}.Release|Any CPU.ActiveCfg = Release|Any CPU
		{89C8D244-A86C-702A-FE95-54762A518E94}.Release|Any CPU.Build.0 = Release|Any CPU
		{64D481FC-AC70-4F5D-FF24-3425A9D7CFB1}.Debug|Any CPU.ActiveCfg = Debug|Any CPU
		{64D481FC-AC70-4F5D-FF24-3425A9D7CFB1}.Debug|Any CPU.Build.0 = Debug|Any CPU
		{64D481FC-AC70-4F5D-FF24-3425A9D7CFB1}.Release|Any CPU.ActiveCfg = Release|Any CPU
		{64D481FC-AC70-4F5D-FF24-3425A9D7CFB1}.Release|Any CPU.Build.0 = Release|Any CPU
		{C52F8EEB-70C7-3928-9865-5DD156261FEC}.Debug|Any CPU.ActiveCfg = Debug|Any CPU
		{C52F8EEB-70C7-3928-9865-5DD156261FEC}.Debug|Any CPU.Build.0 = Debug|Any CPU
		{C52F8EEB-70C7-3928-9865-5DD156261FEC}.Release|Any CPU.ActiveCfg = Release|Any CPU
		{C52F8EEB-70C7-3928-9865-5DD156261FEC}.Release|Any CPU.Build.0 = Release|Any CPU
		{4E893801-241A-AE98-2C5E-028A094055BD}.Debug|Any CPU.ActiveCfg = Debug|Any CPU
		{4E893801-241A-AE98-2C5E-028A094055BD}.Debug|Any CPU.Build.0 = Debug|Any CPU
		{4E893801-241A-AE98-2C5E-028A094055BD}.Release|Any CPU.ActiveCfg = Release|Any CPU
		{4E893801-241A-AE98-2C5E-028A094055BD}.Release|Any CPU.Build.0 = Release|Any CPU
		{AD68365D-196E-F362-C365-BE5E75150BCC}.Debug|Any CPU.ActiveCfg = Debug|Any CPU
		{AD68365D-196E-F362-C365-BE5E75150BCC}.Debug|Any CPU.Build.0 = Debug|Any CPU
		{AD68365D-196E-F362-C365-BE5E75150BCC}.Release|Any CPU.ActiveCfg = Release|Any CPU
		{AD68365D-196E-F362-C365-BE5E75150BCC}.Release|Any CPU.Build.0 = Release|Any CPU
		{8EDB83C8-030E-27FE-5E4D-CE5E0C6A9B59}.Debug|Any CPU.ActiveCfg = Debug|Any CPU
		{8EDB83C8-030E-27FE-5E4D-CE5E0C6A9B59}.Debug|Any CPU.Build.0 = Debug|Any CPU
		{8EDB83C8-030E-27FE-5E4D-CE5E0C6A9B59}.Release|Any CPU.ActiveCfg = Release|Any CPU
		{8EDB83C8-030E-27FE-5E4D-CE5E0C6A9B59}.Release|Any CPU.Build.0 = Release|Any CPU
	EndGlobalSection
	GlobalSection(SolutionProperties) = preSolution
		HideSolutionNode = FALSE
	EndGlobalSection
EndGlobal
