
Microsoft Visual Studio Solution File, Format Version 12.00
# Visual Studio 15
Project("{FAE04EC0-301F-11D3-BF4B-00C04F79EFBC}") = "Assembly-CSharp", "Assembly-CSharp.csproj", "{3A3E0FA6-9AC6-61CA-824C-ABD3E9054A3D}"
EndProject
Project("{FAE04EC0-301F-11D3-BF4B-00C04F79EFBC}") = "Assembly-CSharp-firstpass", "Assembly-CSharp-firstpass.csproj", "{EBA44E1B-D1D8-D6A1-5289-09F9D797136E}"
EndProject
Project("{FAE04EC0-301F-11D3-BF4B-00C04F79EFBC}") = "Meryel.CodeAssist.Editor", "Meryel.CodeAssist.Editor.csproj", "{642AD23C-B38F-F365-F9F7-2A250E5C890B}"
EndProject
Project("{FAE04EC0-301F-11D3-BF4B-00C04F79EFBC}") = "Assembly-CSharp-Editor", "Assembly-CSharp-Editor.csproj", "{0EEAEAE1-C621-1FB4-BD38-E9EB77B0F6BE}"
EndProject
Project("{FAE04EC0-301F-11D3-BF4B-00C04F79EFBC}") = "TextToTMP.Editor", "TextToTMP.Editor.csproj", "{E0ED5F07-F78E-8732-7D60-7048288C08E1}"
EndProject
Project("{FAE04EC0-301F-11D3-BF4B-00C04F79EFBC}") = "Assembly-CSharp-Editor-firstpass", "Assembly-CSharp-Editor-firstpass.csproj", "{A6862820-51BC-7F70-3870-A6C2E9CF25DB}"
EndProject
Global
	GlobalSection(SolutionConfigurationPlatforms) = preSolution
		Debug|Any CPU = Debug|Any CPU
		Release|Any CPU = Release|Any CPU
	EndGlobalSection
	GlobalSection(ProjectConfigurationPlatforms) = postSolution
		{3A3E0FA6-9AC6-61CA-824C-ABD3E9054A3D}.Debug|Any CPU.ActiveCfg = Debug|Any CPU
		{3A3E0FA6-9AC6-61CA-824C-ABD3E9054A3D}.Debug|Any CPU.Build.0 = Debug|Any CPU
		{3A3E0FA6-9AC6-61CA-824C-ABD3E9054A3D}.Release|Any CPU.ActiveCfg = Release|Any CPU
		{3A3E0FA6-9AC6-61CA-824C-ABD3E9054A3D}.Release|Any CPU.Build.0 = Release|Any CPU
		{EBA44E1B-D1D8-D6A1-5289-09F9D797136E}.Debug|Any CPU.ActiveCfg = Debug|Any CPU
		{EBA44E1B-D1D8-D6A1-5289-09F9D797136E}.Debug|Any CPU.Build.0 = Debug|Any CPU
		{EBA44E1B-D1D8-D6A1-5289-09F9D797136E}.Release|Any CPU.ActiveCfg = Release|Any CPU
		{EBA44E1B-D1D8-D6A1-5289-09F9D797136E}.Release|Any CPU.Build.0 = Release|Any CPU
		{642AD23C-B38F-F365-F9F7-2A250E5C890B}.Debug|Any CPU.ActiveCfg = Debug|Any CPU
		{642AD23C-B38F-F365-F9F7-2A250E5C890B}.Debug|Any CPU.Build.0 = Debug|Any CPU
		{642AD23C-B38F-F365-F9F7-2A250E5C890B}.Release|Any CPU.ActiveCfg = Release|Any CPU
		{642AD23C-B38F-F365-F9F7-2A250E5C890B}.Release|Any CPU.Build.0 = Release|Any CPU
		{0EEAEAE1-C621-1FB4-BD38-E9EB77B0F6BE}.Debug|Any CPU.ActiveCfg = Debug|Any CPU
		{0EEAEAE1-C621-1FB4-BD38-E9EB77B0F6BE}.Debug|Any CPU.Build.0 = Debug|Any CPU
		{0EEAEAE1-C621-1FB4-BD38-E9EB77B0F6BE}.Release|Any CPU.ActiveCfg = Release|Any CPU
		{0EEAEAE1-C621-1FB4-BD38-E9EB77B0F6BE}.Release|Any CPU.Build.0 = Release|Any CPU
		{E0ED5F07-F78E-8732-7D60-7048288C08E1}.Debug|Any CPU.ActiveCfg = Debug|Any CPU
		{E0ED5F07-F78E-8732-7D60-7048288C08E1}.Debug|Any CPU.Build.0 = Debug|Any CPU
		{E0ED5F07-F78E-8732-7D60-7048288C08E1}.Release|Any CPU.ActiveCfg = Release|Any CPU
		{E0ED5F07-F78E-8732-7D60-7048288C08E1}.Release|Any CPU.Build.0 = Release|Any CPU
		{A6862820-51BC-7F70-3870-A6C2E9CF25DB}.Debug|Any CPU.ActiveCfg = Debug|Any CPU
		{A6862820-51BC-7F70-3870-A6C2E9CF25DB}.Debug|Any CPU.Build.0 = Debug|Any CPU
		{A6862820-51BC-7F70-3870-A6C2E9CF25DB}.Release|Any CPU.ActiveCfg = Release|Any CPU
		{A6862820-51BC-7F70-3870-A6C2E9CF25DB}.Release|Any CPU.Build.0 = Release|Any CPU
	EndGlobalSection
	GlobalSection(SolutionProperties) = preSolution
		HideSolutionNode = FALSE
	EndGlobalSection
EndGlobal
