
Microsoft Visual Studio Solution File, Format Version 12.00
# Visual Studio 15
Project("{FAE04EC0-301F-11D3-BF4B-00C04F79EFBC}") = "Assembly-CSharp", "Assembly-CSharp.csproj", "{5D335E02-6686-07F7-D50F-224A7426A781}"
EndProject
Project("{FAE04EC0-301F-11D3-BF4B-00C04F79EFBC}") = "Assembly-CSharp-firstpass", "Assembly-CSharp-firstpass.csproj", "{22B805A0-8177-7207-135B-64920CCE4F54}"
EndProject
Project("{FAE04EC0-301F-11D3-BF4B-00C04F79EFBC}") = "Meryel.CodeAssist.Editor", "Meryel.CodeAssist.Editor.csproj", "{FAF10C2F-71C3-7450-8FED-38A93597BEFE}"
EndProject
Project("{FAE04EC0-301F-11D3-BF4B-00C04F79EFBC}") = "Assembly-CSharp-Editor", "Assembly-CSharp-Editor.csproj", "{3763FF0D-460E-EA63-7B7C-508817E6A172}"
EndProject
Project("{FAE04EC0-301F-11D3-BF4B-00C04F79EFBC}") = "TextToTMP.Editor", "TextToTMP.Editor.csproj", "{4BF05453-2272-9571-6459-DE2F7D63FBEC}"
EndProject
Project("{FAE04EC0-301F-11D3-BF4B-00C04F79EFBC}") = "Assembly-CSharp-Editor-firstpass", "Assembly-CSharp-Editor-firstpass.csproj", "{95A6B6E1-7446-A74F-9130-E9AD260351F8}"
EndProject
Global
	GlobalSection(SolutionConfigurationPlatforms) = preSolution
		Debug|Any CPU = Debug|Any CPU
		Release|Any CPU = Release|Any CPU
	EndGlobalSection
	GlobalSection(ProjectConfigurationPlatforms) = postSolution
		{5D335E02-6686-07F7-D50F-224A7426A781}.Debug|Any CPU.ActiveCfg = Debug|Any CPU
		{5D335E02-6686-07F7-D50F-224A7426A781}.Debug|Any CPU.Build.0 = Debug|Any CPU
		{5D335E02-6686-07F7-D50F-224A7426A781}.Release|Any CPU.ActiveCfg = Release|Any CPU
		{5D335E02-6686-07F7-D50F-224A7426A781}.Release|Any CPU.Build.0 = Release|Any CPU
		{22B805A0-8177-7207-135B-64920CCE4F54}.Debug|Any CPU.ActiveCfg = Debug|Any CPU
		{22B805A0-8177-7207-135B-64920CCE4F54}.Debug|Any CPU.Build.0 = Debug|Any CPU
		{22B805A0-8177-7207-135B-64920CCE4F54}.Release|Any CPU.ActiveCfg = Release|Any CPU
		{22B805A0-8177-7207-135B-64920CCE4F54}.Release|Any CPU.Build.0 = Release|Any CPU
		{FAF10C2F-71C3-7450-8FED-38A93597BEFE}.Debug|Any CPU.ActiveCfg = Debug|Any CPU
		{FAF10C2F-71C3-7450-8FED-38A93597BEFE}.Debug|Any CPU.Build.0 = Debug|Any CPU
		{FAF10C2F-71C3-7450-8FED-38A93597BEFE}.Release|Any CPU.ActiveCfg = Release|Any CPU
		{FAF10C2F-71C3-7450-8FED-38A93597BEFE}.Release|Any CPU.Build.0 = Release|Any CPU
		{3763FF0D-460E-EA63-7B7C-508817E6A172}.Debug|Any CPU.ActiveCfg = Debug|Any CPU
		{3763FF0D-460E-EA63-7B7C-508817E6A172}.Debug|Any CPU.Build.0 = Debug|Any CPU
		{3763FF0D-460E-EA63-7B7C-508817E6A172}.Release|Any CPU.ActiveCfg = Release|Any CPU
		{3763FF0D-460E-EA63-7B7C-508817E6A172}.Release|Any CPU.Build.0 = Release|Any CPU
		{4BF05453-2272-9571-6459-DE2F7D63FBEC}.Debug|Any CPU.ActiveCfg = Debug|Any CPU
		{4BF05453-2272-9571-6459-DE2F7D63FBEC}.Debug|Any CPU.Build.0 = Debug|Any CPU
		{4BF05453-2272-9571-6459-DE2F7D63FBEC}.Release|Any CPU.ActiveCfg = Release|Any CPU
		{4BF05453-2272-9571-6459-DE2F7D63FBEC}.Release|Any CPU.Build.0 = Release|Any CPU
		{95A6B6E1-7446-A74F-9130-E9AD260351F8}.Debug|Any CPU.ActiveCfg = Debug|Any CPU
		{95A6B6E1-7446-A74F-9130-E9AD260351F8}.Debug|Any CPU.Build.0 = Debug|Any CPU
		{95A6B6E1-7446-A74F-9130-E9AD260351F8}.Release|Any CPU.ActiveCfg = Release|Any CPU
		{95A6B6E1-7446-A74F-9130-E9AD260351F8}.Release|Any CPU.Build.0 = Release|Any CPU
	EndGlobalSection
	GlobalSection(SolutionProperties) = preSolution
		HideSolutionNode = FALSE
	EndGlobalSection
EndGlobal
